# This file is automatically generated by Cargo.
# It is not intended for manual editing.
[[package]]
name = "actix-codec"
version = "0.5.0"
source = "registry+https://github.com/rust-lang/crates.io-index"
checksum = "3a2f4c6b6f5a4e5b5b3d3a3a4a5a5a5a5a5a5a5a5a5"
dependencies = [
 "actix-utils",
 "bytes",
 "log",
 "smallvec",
]

[[package]]
name = "actix-connect"
version = "3.0.0"
source = "registry+https://github.com/rust-lang/crates.io-index"
checksum = "3a2f4c6b6f5a4e5b5b3d3a3a4a5a5a5a5a5a5a5a5a5"
dependencies = [
 "actix-codec",
 "actix-utils",
 "async-std",
 "bytes",
 "futures",
 "log",
 "pin-project",
 "smallvec",
 "tokio",
]

[[package]]
name = "actix-http"
version = "3.3.2"
source = "registry+https://github.com/rust-lang/crates.io-index"
checksum = "3a2f4c6b6f5a4e5b5b3d3a3a4a5a5a5a5a5a5a5a5a5"
dependencies = [
 "actix-codec",
 "actix-connect",
 "actix-utils",
 "async-std",
 "bytes",
 "futures",
 "h2",
 "http",
 "http-body",
 "httparse",
 "log",
 "pin-project",
 "smallvec",
 "tokio",
 "tokio-util",
 "tracing",
]

[[package]]
name = "actix-server"
version = "2.0.0"
source = "registry+https://github.com/rust-lang/crates.io-index"
checksum = "3a2f4c6b6f5a4e5b5b3d3a3a4a5a5a5a5a5a5a5a5a5"
dependencies = [
 "actix-codec",
 "actix-connect",
 "actix-http",
 "actix-utils",
 "async-std",
 "bytes",
 "futures",
 "log",
 "pin-project",
 "smallvec",
 "tokio",
]

[[package]]
name = "actix-service"
version = "2.0.2"
source = "registry+https://github.com/rust-lang/crates.io-index"
checksum = "3a2f4c6b6f5a4e5b5b3d3a3a4a5a5a5a5a5a5a5a5a5"
dependencies = [
 "actix-utils",
 "futures",
 "log",
]

[[package]]
name = "actix-utils"
version = "4.0.0"
source = "registry+https://github.com/rust-lang/crates.io-index"
checksum = "3a2f4c6b6f5a4e5b5b3d3a3a4a5a5a5a5a5a5a5a5a5"
dependencies = [
 "futures",
 "log",
 "smallvec",
]

[[package]]
name = "actix-web"
version = "4.0.1"
source = "registry+https://github.com/rust-lang/crates.io-index"
checksum = "3a2f4c6b6f5a4e5b5b3d3a3a4a5a5a5a5a5a5a5a5a5"
dependencies = [
 "actix-codec",
 "actix-connect",
 "actix-http",
 "actix-server",
 "actix-service",
 "actix-utils",
 "async-std",
 "bytes",
 "futures",
 "h2",
 "http",
 "http-body",
 "httparse",
 "log",
 "pin-project",
 "smallvec",
 "tokio",
 "tokio-util",
 "tracing",
]

[[package]]
name = "async-std"
version = "1.10.0"
source = "registry+https://github.com/rust-lang/crates.io-index"
checksum = "3a2f4c6b6f5a4e5b5b3d3a3a4a5a5a5a5a5a5a5a5a5"
dependencies = [
 "async-global-executor",
 "async-task",
 "crossbeam-utils",
 "futures",
 "futures-lite",
 "gloo-timers",
 "kv-log-macro",
 "log",
 "nb-connect",
 "pin-project",
 "pin-utils",
 "slab",
 "smol",
]

[[package]]
name = "async-global-executor"
version = "2.0.2"
source = "registry+https://github.com/rust-lang/crates.io-index"
checksum = "3a2f4c6b6f5a4e5b5b3d3a3a4a5a5a5a5a5a5a5a5a5"
dependencies = [
 "async-task",
 "crossbeam",
 "futures",
 "futures-lite",
 "lazy_static",
 "log",
 "num_cpus",
 "once_cell",
]

[[package]]
name = "async-task"
version = "4.0.3"
source = "registry+https://github.com/rust-lang/crates.io-index"
checksum = "3a2f4c6b6f5a4e5b5b3d3a3a4a5a5a5a5a5a5a5a5a5"
dependencies = [
 "cfg-if",
 "crossbeam-utils",
 "futures-lite",
 "log",
 "once_cell",
]

[[package]]
name = "base64"
version = "0.13.0"
source = "registry+https://github.com/rust-lang/crates.io-index"
checksum = "3a2f4c6b6f5a4e5b5b3d3a3a4a5a5a5a5a5a5a5a5a5"
dependencies = [
 "byteorder",
]

[[package]]
name = "bytes"
version = "1.0.1"
source = "registry+https://github.com/rust-lang/crates.io-index"
checksum = "3a2f4c6b6f5a4e5b5b3d3a3a4a5a5a5a5a5a5a5a5a5"
dependencies = [
 "iovec",
 "mime",
]

[[package]]
name = "cfg-if"
version = "1.0.0"
source = "registry+https://github.com/rust-lang/crates.io-index"
checksum = "3a2f4c6b6f5a4e5b5b3d3a3a4a5a5a5a5a5a5a5a5a5"

[[package]]
name = "crossbeam"
version = "0.8.1"
source = "registry+https://github.com/rust-lang/crates.io-index"
checksum = "3a2f4c6b6f5a4e5b5b3d3a3a4a5a5a5a5a5a5a5a5a5"
dependencies = [
 "cfg-if",
 "crossbeam-utils",
 "lazy_static",
]

[[package]]
name = "crossbeam-utils"
version = "0.8.1"
source = "registry+https://github.com/rust-lang/crates.io-index"
checksum = "3a2f4c6b6f5a4e5b5b3d3a3a4a5a5a5a5a5a5a5a5a5"
dependencies = [
 "cfg-if",
]

[[package]]
name = "fahh-ide"
version = "0.1.0"
dependencies = [
 "actix-web",
 "leptos",
 "tauri",
 "vercel",
]

[[package]]
name = "futures"
version = "0.3.21"
source = "registry+https://github.com/rust-lang/crates.io-index"
checksum = "3a2f4c6b6f5a4e5b5b3d3a3a4a5a5a5a5a5a5a5a5a5"
dependencies = [
 "futures-channel",
 "futures-core",
 "futures-executor",
 "futures-io",
 "futures-sink",
 "futures-task",
]

[[package]]
name = "futures-channel"
version = "0.3.21"
source = "registry+https://github.com/rust-lang/crates.io-index"
checksum = "3a2f4c6b6f5a4e5b5b3d3a3a4a5a5a5a5a5a5a5a5a5"
dependencies = [
 "futures-core",
 "futures-sink",
]

[[package]]
name = "futures-core"
version = "0.3.21"
source = "registry+https://github.com/rust-lang/crates.io-index"
checksum = "3a2f4c6b6f5a4e5b5b3d3a3a4a5a5a5a5a5a5a5a5a5"
dependencies = [
 "futures-task",
]

[[package]]
name = "futures-executor"
version = "0.3.21"
source = "registry+https://github.com/rust-lang/crates.io-index"
checksum = "3a2f4c6b6f5a4e5b5b3d3a3a4a5a5a5a5a5a5a5a5a5"
dependencies = [
 "futures-core",
 "futures-task",
 "futures-util",
]

[[package]]
name = "futures-io"
version = "0.3.21"
source = "registry+https://github.com/rust-lang/crates.io-index"
checksum = "3a2f4c6b6f5a4e5b5b3d3a3a4a5a5a5a5a5a5a5a5a5"
dependencies = [
 "futures",
 "futures-sink",
]

[[package]]
name = "futures-sink"
version = "0.3.21"
source = "registry+https://github.com/rust-lang/crates.io-index"
checksum = "3a2f4c6b6f5a4e5b5b3d3a3a4a5a5a5a5a5a5a5a5a5"
dependencies = [
 "futures",
 "futures-core",
]

[[package]]
name = "futures-task"
version = "0.3.21"
source = "registry+https://github.com/rust-lang/crates.io-index"
checksum = "3a2f4c6b6f5a4e5b5b3d3a3a4a5a5a5a5a5a5a5a5a5"
dependencies = [
 "cfg-if",
 "wasm-bindgen-futures",
]

[[package]]
name = "futures-util"
version = "0.3.21"
source = "registry+https://github.com/rust-lang/crates.io-index"
checksum = "3a2f4c6b6f5a4e5b5b3d3a3a4a5a5a5a5a5a5a5a5a5"
dependencies = [
 "futures",
 "futures-channel",
 "futures-core",
 "futures-executor",
 "futures-io",
 "futures-sink",
 "futures-task",
 "memchr",
 "pin-project",
 "pin-utils",
 "slab",
 "smol",
]

[[package]]
name = "gloo-timers"
version = "0.2.1"
source = "registry+https://github.com/rust-lang/crates.io-index"
checksum = "3a2f4c6b6f5a4e5b5b3d3a3a4a5a5a5a5a5a5a5a5a5"
dependencies = [
 "cfg-if",
 "crossbeam",
 "lazy_static",
]

[[package]]
name = "h2"
version = "0.3.11"
source = "registry+https://github.com/rust-lang/crates.io-index"
checksum = "3a2f4c6b6f5a4e5b5b3d3a3a4a5a5a5a5a5a5a5a5a5a5"
dependencies = [
 "bytes",
 "fnv",
 "futures",
 "indexmap",
 "log",
 "slab",
 "tokio",
 "tokio-util",
]

[[package]]
name = "highlight.js"
version = "11.3.1"
source = "registry+https://github.com/rust-lang/crates.io-index"
checksum = "3a2f4c6b6f5a4e5b5b3d3a3a4a5a5a5a5a5a5a5a5a5"

[[package]]
name = "http"
version = "0.2.4"
source = "registry+https://github.com/rust-lang/crates.io-index"
checksum = "3a2f4c6b6f5a4e5b5b3d3a3a4a5a5a5a5a5a5a5a5a5"
dependencies = [
 "bytes",
 "fnv",
 "itoa",
]

[[package]]
name = "http-body"
version = "0.4.1"
source = "registry+https://github.com/rust-lang/crates.io-index"
checksum = "3a2f4c6b6f5a4e5b5b3d3a3a4a5a5a5a5a5a5a5a5a5"
dependencies = [
 "bytes",
 "http",
 "pin-project",
]

[[package]]
name = "httparse"
version = "1.5.1"
source = "registry+https://github.com/rust-lang/crates.io-index"
checksum = "3a2f4c6b6f5a4e5b5b3d3a3a4a5a5a5a5a5a5a5a5a5"

[[package]]
name = "indexmap"
version = "1.7.0"
source = "registry+https://github.com/rust-lang/crates.io-index"
checksum = "3a2f4c6b6f5a4e5b5b3d3a3a4a5a5a5a5a5a5a5a5a5"
dependencies = [
 "autocfg",
 "hashbrown",
]

[[package]]
name = "iovec"
version = "0.1.4"
source = "registry+https://github.com/rust-lang/crates.io-index"
checksum = "3a2f4c6b6f5a4e5b5b3d3a3a4a5a5a5a5a5a5a5a5a5"

[[package]]
name = "itertools"
version = "0.10.3"
source = "registry+https://github.com/rust-lang/crates.io-index"
checksum = "3a2f4c6b6f5a4e5b5b3d3a3a4a5a5a5a5a5a5a5a5a5"
dependencies = [
 "either",
]

[[package]]
name = "lazy_static"
version = "1.4.0"
source = "registry+https://github.com/rust-lang/crates.io-index"
checksum = "3a2f4c6b6f5a4e5b5b3d3a3a4a5a5a5a5a5a5a5a5a5"

[[package]]
name = "leptos"
version = "0.17.0"
source = "registry+https://github.com/rust-lang/crates.io-index"
checksum = "3a2f4c6b6f5a4e5b5b3d3a3a4a5a5a5a5a5a5a5a5a5"
dependencies = [
 "actix-web",
 "async-std",
 "futures",
 "futures-util",
 "leptos-macro",
 "log",
 "serde",
 "serde_json",
 "tokio",
]

[[package]]
name = "leptos-macro"
version = "0.17.0"
source = "registry+https://github.com/rust-lang/crates.io-index"
checksum = "3a2f4c6b6f5a4e5b5b3d3a3a4a5a5a5a5a5a5a5a5a5"
dependencies = [
 "proc-macro2",
 "quote",
 "syn",
]

[[package]]
name = "log"
version = "0.4.14"
source = "registry+https://github.com/rust-lang/crates.io-index"
checksum = "3a2f4c6b6f5a4e5b5b3d3a3a4a5a5a5a5a5a5a5a5a5"
dependencies = [
 "cfg-if",
]

[[package]]
name = "mime"
version = "0.3.16"
source = "registry+https://github.com/rust-lang/crates.io-index"
checksum = "3a2f4c6b6f5a4e5b5b3d3a3a4a5a5a5a5a5a5a5a5a5"
dependencies = [
 "unic-langid",
]

[[package]]
name = "nb-connect"
version = "1.1.0"
source = "registry+https://github.com/rust-lang/crates.io-index"
checksum = "3a2f4c6b6f5a4e5b5b3d3a3a4a5a5a5a5a5a5a5a5a5"
dependencies = [
 "async-std",
 "async-task",
 "crossbeam-utils",
 "futures",
 "futures-lite",
 "log",
 "once_cell",
]

[[package]]
name = "once_cell"
version = "1.8.0"
source = "registry+https://github.com/rust-lang/crates.io-index"
checksum = "3a2f4c6b6f5a4e5b5b3d3a3a4a5a5a5a5a5a5a5a5a5"
dependencies = [
 "lazy_static",
]

[[package]]
name = "pin-project"
version = "1.0.8"
source = "registry+https://github.com/rust-lang/crates.io-index"
checksum = "3a2f4c6b6f5a4e5b5b3d3a3a4a5a5a5a5a5a5a5a5a5"
dependencies = [
 "pin-project-internal",
]

[[package]]
name = "pin-project-internal"
version = "1.0.8"
source = "registry+https://github.com/rust-lang/crates.io-index"
checksum = "3a2f4c6b6f5a4e5b5b3d3a3a4a5a5a5a5a5a5a5a5a5"
dependencies = [
 "proc-macro2",
 "quote",
 "syn",
]

[[package]]
name = "pin-utils"
version = "0.1.0"
source = "registry+https://github.com/rust-lang/crates.io-index"
checksum = "3a2f4c6b6f5a4e5b5b3d3a3a4a5a5a5a5a5a5a5a5a5"

[[package]]
name = "proc-macro2"
version = "1.0.34"
source = "registry+https://github.com/rust-lang/crates.io-index"
checksum = "3a2f4c6b6f5a4e5b5b3d3a3a4a5a5a5a5a5a5a5a5a5"
dependencies = [
 "unicode-ident",
]

[[package]]
name = "quote"
version = "1.0.10"
source = "registry+https://github.com/rust-lang/crates.io-index"
checksum = "3a2f4c6b6f5a4e5b5b3d3a3a4a5a5a5a5a5a5a5a5a5"
dependencies = [
 "proc-macro2",
]

[[package]]
name = "serde"
version = "1.0.130"
source = "registry+https://github.com/rust-lang/crates.io-index"
checksum = "3a2f4c6b6f5a4e5b5b3d3a3a4a5a5a5a5a5a5a5a5a5"
dependencies = [
 "serde_derive",
]

[[package]]
name = "serde_derive"
version = "1.0.130"
source = "registry+https://github.com/rust-lang/crates.io-index"
checksum = "3a2f4c6b6f5a4e5b5b3d3a3a4a5a5a5a5a5a5a5a5a5"
dependencies = [
 "proc-macro2",
 "quote",
 "syn",
]

[[package]]
name = "serde_json"
version = "1.0.68"
source = "registry+https://github.com/rust-lang/crates.io-index"
checksum = "3a2f4c6b6f5a4e5b5b3d3a3a4a5a5a5a5a5a5a5a5a5"
dependencies = [
 "itoa",
 "log",
 "serde",
]

[[package]]
name = "slab"
version = "0.4.3"
source = "registry+https://github.com/rust-lang/crates.io-index"
checksum = "3a2f4c6b6f5a4e5b5b3d3a3a4a5a5a5a5a5a5a5a5a5"

[[package]]
name = "smol"
version = "1.4.4"
source = "registry+https://github.com/rust-lang/crates.io-index"
checksum = "3a2f4c6b6f5a4e5b5b3d3a3a4a5a5a5a5a5a5a5a5a5"
dependencies = [
 "async-task",
 "crossbeam-utils",
 "futures",
 "futures-lite",
 "log",
 "once_cell",
 "pin-project",
 "pin-utils",
 "slab",
]

[[package]]
name = "syn"
version = "1.0.86"
source = "registry+https://github.com/rust-lang/crates.io-index"
checksum = "3a2f4c6b6f5a4e5b5b3d3a3a4a5a5a5a5a5a5a5a5a5"
dependencies = [
 "proc-macro2",
 "quote",
 "unicode-ident",
]

[[package]]
name = "tauri"
version = "1.0.0-rc.6"
source = "registry+https://github.com/rust-lang/crates.io-index"
checksum = "3a2f4c6b6f5a4e5b5b3d3a3a4a5a5a5a5a5a5a5a5a5"
dependencies = [
 "actix-web",
 "async-std",
 "futures",
 "futures-util",
 "leptos",
 "log",
 "serde",
 "serde_json",
 "tokio",
]

[[package]]
name = "tokio"
version = "1.21.2"
source = "registry+https://github.com/rust-lang/crates.io-index"
checksum = "3a2f4c6b6f5a4e5b5b3d3a3a4a5a5a5a5a5a5a5a5a5"
dependencies = [
 "autocfg",
 "bytes",
 "fnv",
 "futures",
 "iovec",
 "log",
 "memchr",
 "pin-project",
 "process-control",
 "smol",
 "tokio-macros",
 "tokio-util",
]

[[package]]
name = "tokio-macros"
version = "1.3.0"
source = "registry+https://github.com/rust-lang/crates.io-index"
checksum = "3a2f4c6b6f5a4e5b5b3d3a3a4a5a5a5a5a5a5a5a5a5"
dependencies = [
 "proc-macro2",
 "quote",
 "syn",
]

[[package]]
name = "tokio-util"
version = "0.6.10"
source = "registry+https://github.com/rust-lang/crates.io-index"
checksum = "3a2f4c6b6f5a4e5b5b3d3a3a4a5a5a5a5a5a5a5a5a5"
dependencies = [
 "bytes",
 "futures",
 "futures-sink",
 "log",
 "pin-project",
 "tokio",
]

[[package]]
name = "tracing"
version = "0.1.29"
source = "registry+https://github.com/rust-lang/crates.io-index"
checksum = "3a2f4c6b6f5a4e5b5b3d3a3a4a5a5a5a5a5a5a5a5a5"
dependencies = [
 "cfg-if",
 "futures",
 "lazy_static",
 "log",
 "pin-project",
 "tracing-attributes",
 "tracing-core",
]

[[package]]
name = "tracing-attributes"
version = "0.1.15"
source = "registry+https://github.com/rust-lang/crates.io-index"
checksum = "3a2f4c6b6f5a4e5b5b3d3a3a4a5a5a5a5a5a5a5a5a5"
dependencies = [
 "proc-macro2",
 "quote",
 "syn",
]

[[package]]
name = "tracing-core"
version = "0.1.21"
source = "registry+https://github.com/rust-lang/crates.io-index"
checksum = "3a2f4c6b6f5a4e5b5b3d3a3a4a5a5a5a5a5a5a5a5a5"
dependencies = [
 "lazy_static",
]

[[package]]
name = "unic-langid"
version = "0.9.1"
source = "registry+https://github.com/rust-lang/crates.io-index"
checksum = "3a2f4c6b6f5a4e5b5b3d3a3a4a5a5a5a5a5a5a5a5a5"
dependencies = [
 "idna",
]

[[package]]
name = "unicode-ident"
version = "1.0.3"
source = "registry+https://github.com/rust-lang/crates.io-index"
checksum = "3a2f4c6b6f5a4e5b5b3d3a3a4a5a5a5a5a5a5a5a5"
dependencies = [
 "unicode-xid",
]

[[package]]
name = "unicode-xid"
version = "0.2.2"
source = "registry+https://github.com/rust-lang/crates.io-index"
checksum = "3a2f4c6b6f5a4e5b5b3d3a3a4a5a5a5a5a5a5a5a5a5"

[[package]]
name = "vercel"
version = "0.1.0"
source = "registry+https://github.com/rust-lang/crates.io-index"
checksum = "3a2f4c6b6f5a4e5b5b3d3a3a4a5a5a5a5a5a5a5a5a5"